github.com/imfing/hextra v0.9.3 h1:p4vDm2TSgt3RpJdJm2mqkpoJCH2S08wzySyyYodtgCc=
github.com/imfing/hextra v0.9.3/go.mod h1:cEfel3lU/bSx7lTE/+uuR4GJaphyOyiwNR3PTqFTXpI=
github.com/imfing/hextra v0.9.4-0.20250107105100-a933f464f57c h1:wq49YLRS/aJSbes3/AK++gyKdmlu0Jh3hebDJj7bmjY=
github.com/imfing/hextra v0.9.4-0.20250107105100-a933f464f57c/go.mod h1:cEfel3lU/bSx7lTE/+uuR4GJaphyOyiwNR3PTqFTXpI=
