github.com/axivo/website/global v1.0.0 h1:LAKLy5ZXCQw2nfTV/Y2vQ3YJsWapHbNVdepySlxh4yA=
github.com/axivo/website/global v1.0.0/go.mod h1:QQk2/AIFUOQIGv0YQivBp1qa9aQeAjHHljwIJCGc1fk=
github.com/imfing/hextra v0.8.0 h1:bG2GavmsMAgRRCrm+N4c+m6mBm9KYrgGH0mgaJpIXjM=
github.com/imfing/hextra v0.8.0/go.mod h1:cEfel3lU/bSx7lTE/+uuR4GJaphyOyiwNR3PTqFTXpI=
